Microsoft Visual Studio Solution File, Format Version 12.00
# Visual Studio 2012
Project("{FAE04EC0-301F-11D3-BF4B-00C04F79EFBC}") = "Project TS", "Project TS.csproj", "{BED5A561-D921-4C4B-9F38-6A990D605ABE}"
EndProject
Global
	GlobalSection(SolutionConfigurationPlatforms) = preSolution
	Debug|Any CPU = Debug|Any CPU
	ExportDebug|Any CPU = ExportDebug|Any CPU
	ExportRelease|Any CPU = ExportRelease|Any CPU
	EndGlobalSection
	GlobalSection(ProjectConfigurationPlatforms) = postSolution
		{BED5A561-D921-4C4B-9F38-6A990D605ABE}.Debug|Any CPU.ActiveCfg = Debug|Any CPU
		{BED5A561-D921-4C4B-9F38-6A990D605ABE}.Debug|Any CPU.Build.0 = Debug|Any CPU
		{BED5A561-D921-4C4B-9F38-6A990D605ABE}.ExportDebug|Any CPU.ActiveCfg = ExportDebug|Any CPU
		{BED5A561-D921-4C4B-9F38-6A990D605ABE}.ExportDebug|Any CPU.Build.0 = ExportDebug|Any CPU
		{BED5A561-D921-4C4B-9F38-6A990D605ABE}.ExportRelease|Any CPU.ActiveCfg = ExportRelease|Any CPU
		{BED5A561-D921-4C4B-9F38-6A990D605ABE}.ExportRelease|Any CPU.Build.0 = ExportRelease|Any CPU
	EndGlobalSection
EndGlobal
